
Microsoft Visual Studio Solution File, Format Version 12.00
# Visual Studio 15
VisualStudioVersion = 15.0.28010.2050
MinimumVisualStudioVersion = 10.0.40219.1
Project("{2150E333-8FDC-42A3-9474-1A3956D46DE8}") = "Infrastructures", "Infrastructures", "{0BF38C07-2073-450B-A1CE-BE5C8CBA1D52}"
EndProject
Project("{2150E333-8FDC-42A3-9474-1A3956D46DE8}") = "UIs", "UIs", "{CDE85B07-250D-449B-B95B-032FCF4281FF}"
EndProject
Project("{2150E333-8FDC-42A3-9474-1A3956D46DE8}") = "Dockers", "Dockers", "{955C8D89-2741-475B-AF60-48BC720DE8B7}"
EndProject
Project("{2150E333-8FDC-42A3-9474-1A3956D46DE8}") = "Context", "Context", "{395CB9ED-1505-426E-8AC0-2F400425371C}"
EndProject
Project("{2150E333-8FDC-42A3-9474-1A3956D46DE8}") = "Repositories", "Repositories", "{738B8E4D-87C9-4416-9FA6-2037C98F678B}"
EndProject
Project("{2150E333-8FDC-42A3-9474-1A3956D46DE8}") = "UnitOfWorks", "UnitOfWorks", "{207D785E-6974-4D53-BB17-E6E0283BD3A1}"
EndProject
Project("{2150E333-8FDC-42A3-9474-1A3956D46DE8}") = "Models", "Models", "{3F710820-22F2-4587-B160-16E68A14CF9E}"
EndProject
Project("{2150E333-8FDC-42A3-9474-1A3956D46DE8}") = "APIs", "APIs", "{6C49645F-7565-449C-8B97-8F1702E6E3D6}"
EndProject
Project("{2150E333-8FDC-42A3-9474-1A3956D46DE8}") = "Services", "Services", "{C96E5FB3-3F2B-4B56-B4A3-AA9AEF786FA3}"
EndProject
Project("{9A19103F-16F7-4668-BE54-9A1E7A4F7556}") = "Hotels.Entities", "src\Hotels.Entities\Hotels.Entities.csproj", "{CD1BD69E-4EE7-4D4A-B543-30973B725E9D}"
EndProject
Project("{2150E333-8FDC-42A3-9474-1A3956D46DE8}") = "Tests", "Tests", "{10AC3C9C-2F40-4B1D-88D0-CA810CE8980D}"
EndProject
Project("{2150E333-8FDC-42A3-9474-1A3956D46DE8}") = "Utilities", "Utilities", "{FE06226A-10AF-40D4-B54E-F456DBEF38A7}"
EndProject
Global
	GlobalSection(SolutionConfigurationPlatforms) = preSolution
		Debug|Any CPU = Debug|Any CPU
		Release|Any CPU = Release|Any CPU
	EndGlobalSection
	GlobalSection(ProjectConfigurationPlatforms) = postSolution
		{3581FA23-86AC-4056-929F-1B5CF1237A98}.Debug|Any CPU.ActiveCfg = Debug|Any CPU
		{3581FA23-86AC-4056-929F-1B5CF1237A98}.Debug|Any CPU.Build.0 = Debug|Any CPU
		{3581FA23-86AC-4056-929F-1B5CF1237A98}.Release|Any CPU.ActiveCfg = Release|Any CPU
		{3581FA23-86AC-4056-929F-1B5CF1237A98}.Release|Any CPU.Build.0 = Release|Any CPU
		{F5B51E9E-343F-4CB3-BA5E-C333F06BFC06}.Debug|Any CPU.ActiveCfg = Debug|Any CPU
		{F5B51E9E-343F-4CB3-BA5E-C333F06BFC06}.Debug|Any CPU.Build.0 = Debug|Any CPU
		{F5B51E9E-343F-4CB3-BA5E-C333F06BFC06}.Release|Any CPU.ActiveCfg = Release|Any CPU
		{F5B51E9E-343F-4CB3-BA5E-C333F06BFC06}.Release|Any CPU.Build.0 = Release|Any CPU
		{CD1BD69E-4EE7-4D4A-B543-30973B725E9D}.Debug|Any CPU.ActiveCfg = Debug|Any CPU
		{CD1BD69E-4EE7-4D4A-B543-30973B725E9D}.Debug|Any CPU.Build.0 = Debug|Any CPU
		{CD1BD69E-4EE7-4D4A-B543-30973B725E9D}.Release|Any CPU.ActiveCfg = Release|Any CPU
		{CD1BD69E-4EE7-4D4A-B543-30973B725E9D}.Release|Any CPU.Build.0 = Release|Any CPU
		{719B1461-A688-43EC-8109-795FA9EBBF37}.Debug|Any CPU.ActiveCfg = Debug|Any CPU
		{719B1461-A688-43EC-8109-795FA9EBBF37}.Debug|Any CPU.Build.0 = Debug|Any CPU
		{719B1461-A688-43EC-8109-795FA9EBBF37}.Release|Any CPU.ActiveCfg = Release|Any CPU
		{719B1461-A688-43EC-8109-795FA9EBBF37}.Release|Any CPU.Build.0 = Release|Any CPU
		{3911A4E0-E89E-4EAE-BC14-76D49624BB75}.Debug|Any CPU.ActiveCfg = Debug|Any CPU
		{3911A4E0-E89E-4EAE-BC14-76D49624BB75}.Debug|Any CPU.Build.0 = Debug|Any CPU
		{3911A4E0-E89E-4EAE-BC14-76D49624BB75}.Release|Any CPU.ActiveCfg = Release|Any CPU
		{3911A4E0-E89E-4EAE-BC14-76D49624BB75}.Release|Any CPU.Build.0 = Release|Any CPU
		{6E5B5F8C-92A5-4FBB-85D6-8E584B1454F1}.Debug|Any CPU.ActiveCfg = Debug|Any CPU
		{6E5B5F8C-92A5-4FBB-85D6-8E584B1454F1}.Debug|Any CPU.Build.0 = Debug|Any CPU
		{6E5B5F8C-92A5-4FBB-85D6-8E584B1454F1}.Release|Any CPU.ActiveCfg = Release|Any CPU
		{6E5B5F8C-92A5-4FBB-85D6-8E584B1454F1}.Release|Any CPU.Build.0 = Release|Any CPU
		{B67C19BE-EC81-4AF8-81B5-4BB44FEEE2BD}.Debug|Any CPU.ActiveCfg = Debug|Any CPU
		{B67C19BE-EC81-4AF8-81B5-4BB44FEEE2BD}.Debug|Any CPU.Build.0 = Debug|Any CPU
		{B67C19BE-EC81-4AF8-81B5-4BB44FEEE2BD}.Release|Any CPU.ActiveCfg = Release|Any CPU
		{B67C19BE-EC81-4AF8-81B5-4BB44FEEE2BD}.Release|Any CPU.Build.0 = Release|Any CPU
		{84B5BC87-1826-44A1-B1DE-FB7FB02673D8}.Debug|Any CPU.ActiveCfg = Debug|Any CPU
		{84B5BC87-1826-44A1-B1DE-FB7FB02673D8}.Debug|Any CPU.Build.0 = Debug|Any CPU
		{84B5BC87-1826-44A1-B1DE-FB7FB02673D8}.Release|Any CPU.ActiveCfg = Release|Any CPU
		{84B5BC87-1826-44A1-B1DE-FB7FB02673D8}.Release|Any CPU.Build.0 = Release|Any CPU
		{30673788-D184-4BD3-ACC9-73BA8F753861}.Debug|Any CPU.ActiveCfg = Debug|Any CPU
		{30673788-D184-4BD3-ACC9-73BA8F753861}.Debug|Any CPU.Build.0 = Debug|Any CPU
		{30673788-D184-4BD3-ACC9-73BA8F753861}.Release|Any CPU.ActiveCfg = Release|Any CPU
		{30673788-D184-4BD3-ACC9-73BA8F753861}.Release|Any CPU.Build.0 = Release|Any CPU
		{D93F5A04-57DC-45A1-AD76-F805893320EB}.Debug|Any CPU.ActiveCfg = Debug|Any CPU
		{D93F5A04-57DC-45A1-AD76-F805893320EB}.Debug|Any CPU.Build.0 = Debug|Any CPU
		{D93F5A04-57DC-45A1-AD76-F805893320EB}.Release|Any CPU.ActiveCfg = Release|Any CPU
		{D93F5A04-57DC-45A1-AD76-F805893320EB}.Release|Any CPU.Build.0 = Release|Any CPU
		{66987A72-DD1C-49AA-A9E8-5CE1E9EC1B0F}.Debug|Any CPU.ActiveCfg = Debug|Any CPU
		{66987A72-DD1C-49AA-A9E8-5CE1E9EC1B0F}.Debug|Any CPU.Build.0 = Debug|Any CPU
		{66987A72-DD1C-49AA-A9E8-5CE1E9EC1B0F}.Release|Any CPU.ActiveCfg = Release|Any CPU
		{66987A72-DD1C-49AA-A9E8-5CE1E9EC1B0F}.Release|Any CPU.Build.0 = Release|Any CPU
		{16624A32-90F9-4BE7-82B6-078A304077AE}.Debug|Any CPU.ActiveCfg = Debug|Any CPU
		{16624A32-90F9-4BE7-82B6-078A304077AE}.Debug|Any CPU.Build.0 = Debug|Any CPU
		{16624A32-90F9-4BE7-82B6-078A304077AE}.Release|Any CPU.ActiveCfg = Release|Any CPU
		{16624A32-90F9-4BE7-82B6-078A304077AE}.Release|Any CPU.Build.0 = Release|Any CPU
		{9756908B-1A0A-4B38-835E-799545C7C642}.Debug|Any CPU.ActiveCfg = Debug|Any CPU
		{9756908B-1A0A-4B38-835E-799545C7C642}.Debug|Any CPU.Build.0 = Debug|Any CPU
		{9756908B-1A0A-4B38-835E-799545C7C642}.Release|Any CPU.ActiveCfg = Release|Any CPU
		{9756908B-1A0A-4B38-835E-799545C7C642}.Release|Any CPU.Build.0 = Release|Any CPU
		{90A4F4B8-8721-4304-9195-E7D4F0241CB6}.Debug|Any CPU.ActiveCfg = Debug|Any CPU
		{90A4F4B8-8721-4304-9195-E7D4F0241CB6}.Debug|Any CPU.Build.0 = Debug|Any CPU
		{90A4F4B8-8721-4304-9195-E7D4F0241CB6}.Release|Any CPU.ActiveCfg = Release|Any CPU
		{90A4F4B8-8721-4304-9195-E7D4F0241CB6}.Release|Any CPU.Build.0 = Release|Any CPU
		{4E3E4FE9-3CBB-4B9B-AA62-19615931ED37}.Debug|Any CPU.ActiveCfg = Debug|Any CPU
		{4E3E4FE9-3CBB-4B9B-AA62-19615931ED37}.Debug|Any CPU.Build.0 = Debug|Any CPU
		{4E3E4FE9-3CBB-4B9B-AA62-19615931ED37}.Release|Any CPU.ActiveCfg = Release|Any CPU
		{4E3E4FE9-3CBB-4B9B-AA62-19615931ED37}.Release|Any CPU.Build.0 = Release|Any CPU
		{590799A4-2464-45B0-A746-094D244C6341}.Debug|Any CPU.ActiveCfg = Debug|Any CPU
		{590799A4-2464-45B0-A746-094D244C6341}.Debug|Any CPU.Build.0 = Debug|Any CPU
		{590799A4-2464-45B0-A746-094D244C6341}.Release|Any CPU.ActiveCfg = Release|Any CPU
		{590799A4-2464-45B0-A746-094D244C6341}.Release|Any CPU.Build.0 = Release|Any CPU
		{0C9FE3BD-0B48-4F15-AA23-ACEBDED92426}.Debug|Any CPU.ActiveCfg = Debug|Any CPU
		{0C9FE3BD-0B48-4F15-AA23-ACEBDED92426}.Debug|Any CPU.Build.0 = Debug|Any CPU
		{0C9FE3BD-0B48-4F15-AA23-ACEBDED92426}.Release|Any CPU.ActiveCfg = Release|Any CPU
		{0C9FE3BD-0B48-4F15-AA23-ACEBDED92426}.Release|Any CPU.Build.0 = Release|Any CPU
	EndGlobalSection
	GlobalSection(SolutionProperties) = preSolution
		HideSolutionNode = FALSE
	EndGlobalSection
	GlobalSection(NestedProjects) = preSolution
		{395CB9ED-1505-426E-8AC0-2F400425371C} = {0BF38C07-2073-450B-A1CE-BE5C8CBA1D52}
		{738B8E4D-87C9-4416-9FA6-2037C98F678B} = {0BF38C07-2073-450B-A1CE-BE5C8CBA1D52}
		{207D785E-6974-4D53-BB17-E6E0283BD3A1} = {0BF38C07-2073-450B-A1CE-BE5C8CBA1D52}
		{C96E5FB3-3F2B-4B56-B4A3-AA9AEF786FA3} = {0BF38C07-2073-450B-A1CE-BE5C8CBA1D52}
		{3581FA23-86AC-4056-929F-1B5CF1237A98} = {395CB9ED-1505-426E-8AC0-2F400425371C}
		{F5B51E9E-343F-4CB3-BA5E-C333F06BFC06} = {395CB9ED-1505-426E-8AC0-2F400425371C}
		{CD1BD69E-4EE7-4D4A-B543-30973B725E9D} = {3F710820-22F2-4587-B160-16E68A14CF9E}
		{719B1461-A688-43EC-8109-795FA9EBBF37} = {10AC3C9C-2F40-4B1D-88D0-CA810CE8980D}
		{3911A4E0-E89E-4EAE-BC14-76D49624BB75} = {10AC3C9C-2F40-4B1D-88D0-CA810CE8980D}
		{6E5B5F8C-92A5-4FBB-85D6-8E584B1454F1} = {738B8E4D-87C9-4416-9FA6-2037C98F678B}
		{B67C19BE-EC81-4AF8-81B5-4BB44FEEE2BD} = {738B8E4D-87C9-4416-9FA6-2037C98F678B}
		{84B5BC87-1826-44A1-B1DE-FB7FB02673D8} = {10AC3C9C-2F40-4B1D-88D0-CA810CE8980D}
		{30673788-D184-4BD3-ACC9-73BA8F753861} = {207D785E-6974-4D53-BB17-E6E0283BD3A1}
		{D93F5A04-57DC-45A1-AD76-F805893320EB} = {207D785E-6974-4D53-BB17-E6E0283BD3A1}
		{66987A72-DD1C-49AA-A9E8-5CE1E9EC1B0F} = {10AC3C9C-2F40-4B1D-88D0-CA810CE8980D}
		{16624A32-90F9-4BE7-82B6-078A304077AE} = {C96E5FB3-3F2B-4B56-B4A3-AA9AEF786FA3}
		{9756908B-1A0A-4B38-835E-799545C7C642} = {3F710820-22F2-4587-B160-16E68A14CF9E}
		{90A4F4B8-8721-4304-9195-E7D4F0241CB6} = {C96E5FB3-3F2B-4B56-B4A3-AA9AEF786FA3}
		{4E3E4FE9-3CBB-4B9B-AA62-19615931ED37} = {10AC3C9C-2F40-4B1D-88D0-CA810CE8980D}
		{590799A4-2464-45B0-A746-094D244C6341} = {FE06226A-10AF-40D4-B54E-F456DBEF38A7}
		{0C9FE3BD-0B48-4F15-AA23-ACEBDED92426} = {10AC3C9C-2F40-4B1D-88D0-CA810CE8980D}
	EndGlobalSection
	GlobalSection(ExtensibilityGlobals) = postSolution
		SolutionGuid = {340DDFA3-5E8B-4A70-A67A-AA09BD143C31}
	EndGlobalSection
EndGlobal
